
Microsoft Visual Studio Solution File, Format Version 12.00
# Visual Studio Version 17
VisualStudioVersion = 17.14.36109.1
MinimumVisualStudioVersion = 10.0.40219.1
Project("{8BC9CEB8-8B4A-11D0-8D11-00A0C91BC942}") = "01_IntroToCPlusPlus", "01_IntroToCPlusPlus\01_IntroToCPlusPlus.vcxproj", "{FDCDDD73-6953-41BD-AF43-D50C24FE0EBD}"
EndProject
Project("{8BC9CEB8-8B4A-11D0-8D11-00A0C91BC942}") = "02_DataType", "02_DataType\02_DataType.vcxproj", "{E4C62695-F8D3-4302-A6DC-9D219E22420D}"
EndProject
Project("{8BC9CEB8-8B4A-11D0-8D11-00A0C91BC942}") = "03_Operators", "03_Operators\03_Operators.vcxproj", "{12695C96-1685-4DC2-85F2-DF99F8E0DB8E}"
EndProject
Project("{8BC9CEB8-8B4A-11D0-8D11-00A0C91BC942}") = "04_While", "ConsoleApplication1\ConsoleApplication1.vcxproj", "{5FFA2D47-28CD-420D-A86B-7CA3BB0A4C37}"
EndProject
Global
	GlobalSection(SolutionConfigurationPlatforms) = preSolution
		Debug|Any CPU = Debug|Any CPU
		Debug|x64 = Debug|x64
		Debug|x86 = Debug|x86
		Release|Any CPU = Release|Any CPU
		Release|x64 = Release|x64
		Release|x86 = Release|x86
	EndGlobalSection
	GlobalSection(ProjectConfigurationPlatforms) = postSolution
		{FDCDDD73-6953-41BD-AF43-D50C24FE0EBD}.Debug|Any CPU.ActiveCfg = Debug|x64
		{FDCDDD73-6953-41BD-AF43-D50C24FE0EBD}.Debug|Any CPU.Build.0 = Debug|x64
		{FDCDDD73-6953-41BD-AF43-D50C24FE0EBD}.Debug|x64.ActiveCfg = Debug|x64
		{FDCDDD73-6953-41BD-AF43-D50C24FE0EBD}.Debug|x64.Build.0 = Debug|x64
		{FDCDDD73-6953-41BD-AF43-D50C24FE0EBD}.Debug|x86.ActiveCfg = Debug|Win32
		{FDCDDD73-6953-41BD-AF43-D50C24FE0EBD}.Debug|x86.Build.0 = Debug|Win32
		{FDCDDD73-6953-41BD-AF43-D50C24FE0EBD}.Release|Any CPU.ActiveCfg = Release|x64
		{FDCDDD73-6953-41BD-AF43-D50C24FE0EBD}.Release|Any CPU.Build.0 = Release|x64
		{FDCDDD73-6953-41BD-AF43-D50C24FE0EBD}.Release|x64.ActiveCfg = Release|x64
		{FDCDDD73-6953-41BD-AF43-D50C24FE0EBD}.Release|x64.Build.0 = Release|x64
		{FDCDDD73-6953-41BD-AF43-D50C24FE0EBD}.Release|x86.ActiveCfg = Release|Win32
		{FDCDDD73-6953-41BD-AF43-D50C24FE0EBD}.Release|x86.Build.0 = Release|Win32
		{E4C62695-F8D3-4302-A6DC-9D219E22420D}.Debug|Any CPU.ActiveCfg = Debug|x64
		{E4C62695-F8D3-4302-A6DC-9D219E22420D}.Debug|Any CPU.Build.0 = Debug|x64
		{E4C62695-F8D3-4302-A6DC-9D219E22420D}.Debug|x64.ActiveCfg = Debug|x64
		{E4C62695-F8D3-4302-A6DC-9D219E22420D}.Debug|x64.Build.0 = Debug|x64
		{E4C62695-F8D3-4302-A6DC-9D219E22420D}.Debug|x86.ActiveCfg = Debug|Win32
		{E4C62695-F8D3-4302-A6DC-9D219E22420D}.Debug|x86.Build.0 = Debug|Win32
		{E4C62695-F8D3-4302-A6DC-9D219E22420D}.Release|Any CPU.ActiveCfg = Release|x64
		{E4C62695-F8D3-4302-A6DC-9D219E22420D}.Release|Any CPU.Build.0 = Release|x64
		{E4C62695-F8D3-4302-A6DC-9D219E22420D}.Release|x64.ActiveCfg = Release|x64
		{E4C62695-F8D3-4302-A6DC-9D219E22420D}.Release|x64.Build.0 = Release|x64
		{E4C62695-F8D3-4302-A6DC-9D219E22420D}.Release|x86.ActiveCfg = Release|Win32
		{E4C62695-F8D3-4302-A6DC-9D219E22420D}.Release|x86.Build.0 = Release|Win32
		{12695C96-1685-4DC2-85F2-DF99F8E0DB8E}.Debug|Any CPU.ActiveCfg = Debug|x64
		{12695C96-1685-4DC2-85F2-DF99F8E0DB8E}.Debug|Any CPU.Build.0 = Debug|x64
		{12695C96-1685-4DC2-85F2-DF99F8E0DB8E}.Debug|x64.ActiveCfg = Debug|x64
		{12695C96-1685-4DC2-85F2-DF99F8E0DB8E}.Debug|x64.Build.0 = Debug|x64
		{12695C96-1685-4DC2-85F2-DF99F8E0DB8E}.Debug|x86.ActiveCfg = Debug|Win32
		{12695C96-1685-4DC2-85F2-DF99F8E0DB8E}.Debug|x86.Build.0 = Debug|Win32
		{12695C96-1685-4DC2-85F2-DF99F8E0DB8E}.Release|Any CPU.ActiveCfg = Release|x64
		{12695C96-1685-4DC2-85F2-DF99F8E0DB8E}.Release|Any CPU.Build.0 = Release|x64
		{12695C96-1685-4DC2-85F2-DF99F8E0DB8E}.Release|x64.ActiveCfg = Release|x64
		{12695C96-1685-4DC2-85F2-DF99F8E0DB8E}.Release|x64.Build.0 = Release|x64
		{12695C96-1685-4DC2-85F2-DF99F8E0DB8E}.Release|x86.ActiveCfg = Release|Win32
		{12695C96-1685-4DC2-85F2-DF99F8E0DB8E}.Release|x86.Build.0 = Release|Win32
		{5FFA2D47-28CD-420D-A86B-7CA3BB0A4C37}.Debug|Any CPU.ActiveCfg = Debug|x64
		{5FFA2D47-28CD-420D-A86B-7CA3BB0A4C37}.Debug|Any CPU.Build.0 = Debug|x64
		{5FFA2D47-28CD-420D-A86B-7CA3BB0A4C37}.Debug|x64.ActiveCfg = Debug|x64
		{5FFA2D47-28CD-420D-A86B-7CA3BB0A4C37}.Debug|x64.Build.0 = Debug|x64
		{5FFA2D47-28CD-420D-A86B-7CA3BB0A4C37}.Debug|x86.ActiveCfg = Debug|Win32
		{5FFA2D47-28CD-420D-A86B-7CA3BB0A4C37}.Debug|x86.Build.0 = Debug|Win32
		{5FFA2D47-28CD-420D-A86B-7CA3BB0A4C37}.Release|Any CPU.ActiveCfg = Release|x64
		{5FFA2D47-28CD-420D-A86B-7CA3BB0A4C37}.Release|Any CPU.Build.0 = Release|x64
		{5FFA2D47-28CD-420D-A86B-7CA3BB0A4C37}.Release|x64.ActiveCfg = Release|x64
		{5FFA2D47-28CD-420D-A86B-7CA3BB0A4C37}.Release|x64.Build.0 = Release|x64
		{5FFA2D47-28CD-420D-A86B-7CA3BB0A4C37}.Release|x86.ActiveCfg = Release|Win32
		{5FFA2D47-28CD-420D-A86B-7CA3BB0A4C37}.Release|x86.Build.0 = Release|Win32
	EndGlobalSection
	GlobalSection(SolutionProperties) = preSolution
		HideSolutionNode = FALSE
	EndGlobalSection
	GlobalSection(ExtensibilityGlobals) = postSolution
		SolutionGuid = {69044924-B21B-426B-8FF0-5F3854569EA1}
	EndGlobalSection
EndGlobal
